// !$*UTF8*$!
{
	archiveVersion = 1;
	classes = {
	};
	objectVersion = 56;
	objects = {

/* Begin PBXBuildFile section */
		910424AE2BD572F2002922CF /* MainTabBarViewController.swift in Sources */ = {isa = PBXBuildFile; fileRef = 910424AD2BD572F2002922CF /* MainTabBarViewController.swift */; };
		910424B02BD5731F002922CF /* PortfolioViewController.swift in Sources */ = {isa = PBXBuildFile; fileRef = 910424AF2BD5731F002922CF /* PortfolioViewController.swift */; };
		910424B22BD5734A002922CF /* FavouritesViewController.swift in Sources */ = {isa = PBXBuildFile; fileRef = 910424B12BD5734A002922CF /* FavouritesViewController.swift */; };
		910424B42BD5735D002922CF /* SearchViewController.swift in Sources */ = {isa = PBXBuildFile; fileRef = 910424B32BD5735D002922CF /* SearchViewController.swift */; };
		910AE9462BE4C2770018DCAE /* DailyChartsResponse.swift in Sources */ = {isa = PBXBuildFile; fileRef = 910AE9452BE4C2770018DCAE /* DailyChartsResponse.swift */; };
		910AE9482BE57BB40018DCAE /* CompanyInformationResponse.swift in Sources */ = {isa = PBXBuildFile; fileRef = 910AE9472BE57BB40018DCAE /* CompanyInformationResponse.swift */; };
		910AE94A2BE57BE00018DCAE /* CompanyInformationTarget.swift in Sources */ = {isa = PBXBuildFile; fileRef = 910AE9492BE57BE00018DCAE /* CompanyInformationTarget.swift */; };
		910AE94C2BE57C6E0018DCAE /* CompanyInformaitonManager.swift in Sources */ = {isa = PBXBuildFile; fileRef = 910AE94B2BE57C6E0018DCAE /* CompanyInformaitonManager.swift */; };
		910F86342BDC20E200570D89 /* WatchlistCollectionViewCell.swift in Sources */ = {isa = PBXBuildFile; fileRef = 910F86332BDC20E200570D89 /* WatchlistCollectionViewCell.swift */; };
		911E98702BDD8E2400943B0E /* EmptyStateView.swift in Sources */ = {isa = PBXBuildFile; fileRef = 911E986F2BDD8E2400943B0E /* EmptyStateView.swift */; };
		911EEF272BD77E6F00C4FD92 /* DGCharts in Frameworks */ = {isa = PBXBuildFile; productRef = 911EEF262BD77E6F00C4FD92 /* DGCharts */; };
		911EEF292BD77E7000C4FD92 /* DGChartsDynamic in Frameworks */ = {isa = PBXBuildFile; productRef = 911EEF282BD77E6F00C4FD92 /* DGChartsDynamic */; };
		911EEF2C2BD77E8300C4FD92 /* SnapKit in Frameworks */ = {isa = PBXBuildFile; productRef = 911EEF2B2BD77E8300C4FD92 /* SnapKit */; };
		911EEF2E2BD77E8300C4FD92 /* SnapKit-Dynamic in Frameworks */ = {isa = PBXBuildFile; productRef = 911EEF2D2BD77E8300C4FD92 /* SnapKit-Dynamic */; };
		911EEF312BD77EDC00C4FD92 /* Kingfisher in Frameworks */ = {isa = PBXBuildFile; productRef = 911EEF302BD77EDC00C4FD92 /* Kingfisher */; };
		911EEF342BD77FB100C4FD92 /* CombineMoya in Frameworks */ = {isa = PBXBuildFile; productRef = 911EEF332BD77FB100C4FD92 /* CombineMoya */; };
		911EEF362BD77FB100C4FD92 /* Moya in Frameworks */ = {isa = PBXBuildFile; productRef = 911EEF352BD77FB100C4FD92 /* Moya */; };
		911EEF382BD77FB100C4FD92 /* ReactiveMoya in Frameworks */ = {isa = PBXBuildFile; productRef = 911EEF372BD77FB100C4FD92 /* ReactiveMoya */; };
		911EEF3A2BD77FB100C4FD92 /* RxMoya in Frameworks */ = {isa = PBXBuildFile; productRef = 911EEF392BD77FB100C4FD92 /* RxMoya */; };
		911EEF3D2BD80D9700C4FD92 /* GlobalData.swift in Sources */ = {isa = PBXBuildFile; fileRef = 911EEF3C2BD80D9700C4FD92 /* GlobalData.swift */; };
		911EEF3F2BD80E1A00C4FD92 /* ActiveGainersLosersTarget.swift in Sources */ = {isa = PBXBuildFile; fileRef = 911EEF3E2BD80E1A00C4FD92 /* ActiveGainersLosersTarget.swift */; };
		911EEF412BD80E8C00C4FD92 /* BaseTargetType.swift in Sources */ = {isa = PBXBuildFile; fileRef = 911EEF402BD80E8C00C4FD92 /* BaseTargetType.swift */; };
		911EEF452BD8109900C4FD92 /* ActiveGainersLosersResponse.swift in Sources */ = {isa = PBXBuildFile; fileRef = 911EEF442BD8109900C4FD92 /* ActiveGainersLosersResponse.swift */; };
		911EEF472BD8137100C4FD92 /* TrendingStocks.swift in Sources */ = {isa = PBXBuildFile; fileRef = 911EEF462BD8137100C4FD92 /* TrendingStocks.swift */; };
		911EEF492BD8165D00C4FD92 /* HomeViewModel.swift in Sources */ = {isa = PBXBuildFile; fileRef = 911EEF482BD8165D00C4FD92 /* HomeViewModel.swift */; };
		9128867C2BE17A7200FCF81E /* ChartDataTarget.swift in Sources */ = {isa = PBXBuildFile; fileRef = 9128867B2BE17A7200FCF81E /* ChartDataTarget.swift */; };
		9128867E2BE17B0B00FCF81E /* ChartsDataManager.swift in Sources */ = {isa = PBXBuildFile; fileRef = 9128867D2BE17B0B00FCF81E /* ChartsDataManager.swift */; };
		912886802BE17B5600FCF81E /* WeeklyChartsResponse.swift in Sources */ = {isa = PBXBuildFile; fileRef = 9128867F2BE17B5600FCF81E /* WeeklyChartsResponse.swift */; };
		912886822BE17BE300FCF81E /* DetailsViewModel.swift in Sources */ = {isa = PBXBuildFile; fileRef = 912886812BE17BE300FCF81E /* DetailsViewModel.swift */; };
		914067D12BD965CC00EB344D /* TrendingStocksCollectionViewCell.swift in Sources */ = {isa = PBXBuildFile; fileRef = 914067D02BD965CC00EB344D /* TrendingStocksCollectionViewCell.swift */; };
		914067D32BD967FA00EB344D /* HomeSections.swift in Sources */ = {isa = PBXBuildFile; fileRef = 914067D22BD967FA00EB344D /* HomeSections.swift */; };
		914067D52BD968C800EB344D /* HomeStocksDataModel.swift in Sources */ = {isa = PBXBuildFile; fileRef = 914067D42BD968C800EB344D /* HomeStocksDataModel.swift */; };
		914067D72BD9790600EB344D /* GeneralCollectionViewCell.swift in Sources */ = {isa = PBXBuildFile; fileRef = 914067D62BD9790600EB344D /* GeneralCollectionViewCell.swift */; };
		914067D92BD97AD200EB344D /* HeaderView.swift in Sources */ = {isa = PBXBuildFile; fileRef = 914067D82BD97AD200EB344D /* HeaderView.swift */; };
		914481532BDAE7C600723F21 /* CommoditiesTarget.swift in Sources */ = {isa = PBXBuildFile; fileRef = 914481522BDAE7C600723F21 /* CommoditiesTarget.swift */; };
		914481562BDAE84D00723F21 /* Commodities.swift in Sources */ = {isa = PBXBuildFile; fileRef = 914481552BDAE84D00723F21 /* Commodities.swift */; };
		914481582BDAE8E800723F21 /* AvailableCommoditiesResponse.swift in Sources */ = {isa = PBXBuildFile; fileRef = 914481572BDAE8E800723F21 /* AvailableCommoditiesResponse.swift */; };
		9144815A2BDAF28A00723F21 /* SingleCommodityResponse.swift in Sources */ = {isa = PBXBuildFile; fileRef = 914481592BDAF28A00723F21 /* SingleCommodityResponse.swift */; };
		916F40182BE6647300313202 /* CompanyFinancialInformationResponse.swift in Sources */ = {isa = PBXBuildFile; fileRef = 916F40172BE6647300313202 /* CompanyFinancialInformationResponse.swift */; };
		918FAF832BDF74B300D1474A /* EmptyStateCollectionViewCell.swift in Sources */ = {isa = PBXBuildFile; fileRef = 918FAF822BDF74B300D1474A /* EmptyStateCollectionViewCell.swift */; };
		9197DD6C2BD5699F00D8270C /* AppDelegate.swift in Sources */ = {isa = PBXBuildFile; fileRef = 9197DD6B2BD5699F00D8270C /* AppDelegate.swift */; };
		9197DD6E2BD5699F00D8270C /* SceneDelegate.swift in Sources */ = {isa = PBXBuildFile; fileRef = 9197DD6D2BD5699F00D8270C /* SceneDelegate.swift */; };
		9197DD702BD5699F00D8270C /* HomeViewController.swift in Sources */ = {isa = PBXBuildFile; fileRef = 9197DD6F2BD5699F00D8270C /* HomeViewController.swift */; };
		9197DD762BD5699F00D8270C /* StockWave.xcdatamodeld in Sources */ = {isa = PBXBuildFile; fileRef = 9197DD742BD5699F00D8270C /* StockWave.xcdatamodeld */; };
		9197DD782BD569A100D8270C /* Assets.xcassets in Resources */ = {isa = PBXBuildFile; fileRef = 9197DD772BD569A100D8270C /* Assets.xcassets */; };
		9197DD7B2BD569A100D8270C /* LaunchScreen.storyboard in Resources */ = {isa = PBXBuildFile; fileRef = 9197DD792BD569A100D8270C /* LaunchScreen.storyboard */; };
		91C57A152BDEC1DC002921EC /* StockDetailsViewController.swift in Sources */ = {isa = PBXBuildFile; fileRef = 91C57A142BDEC1DC002921EC /* StockDetailsViewController.swift */; };
		91E2ACDF2BE3F40500B73073 /* String+Index.swift in Sources */ = {isa = PBXBuildFile; fileRef = 91E2ACDE2BE3F40500B73073 /* String+Index.swift */; };
/* End PBXBuildFile section */

/* Begin PBXFileReference section */
		910424AD2BD572F2002922CF /* MainTabBarViewController.swift */ = {isa = PBXFileReference; lastKnownFileType = sourcecode.swift; path = MainTabBarViewController.swift; sourceTree = "<group>"; };
		910424AF2BD5731F002922CF /* PortfolioViewController.swift */ = {isa = PBXFileReference; lastKnownFileType = sourcecode.swift; path = PortfolioViewController.swift; sourceTree = "<group>"; };
		910424B12BD5734A002922CF /* FavouritesViewController.swift */ = {isa = PBXFileReference; lastKnownFileType = sourcecode.swift; path = FavouritesViewController.swift; sourceTree = "<group>"; };
		910424B32BD5735D002922CF /* SearchViewController.swift */ = {isa = PBXFileReference; lastKnownFileType = sourcecode.swift; path = SearchViewController.swift; sourceTree = "<group>"; };
		910AE9452BE4C2770018DCAE /* DailyChartsResponse.swift */ = {isa = PBXFileReference; lastKnownFileType = sourcecode.swift; path = DailyChartsResponse.swift; sourceTree = "<group>"; };
		910AE9472BE57BB40018DCAE /* CompanyInformationResponse.swift */ = {isa = PBXFileReference; lastKnownFileType = sourcecode.swift; path = CompanyInformationResponse.swift; sourceTree = "<group>"; };
		910AE9492BE57BE00018DCAE /* CompanyInformationTarget.swift */ = {isa = PBXFileReference; lastKnownFileType = sourcecode.swift; path = CompanyInformationTarget.swift; sourceTree = "<group>"; };
		910AE94B2BE57C6E0018DCAE /* CompanyInformaitonManager.swift */ = {isa = PBXFileReference; lastKnownFileType = sourcecode.swift; path = CompanyInformaitonManager.swift; sourceTree = "<group>"; };
		910F86332BDC20E200570D89 /* WatchlistCollectionViewCell.swift */ = {isa = PBXFileReference; lastKnownFileType = sourcecode.swift; path = WatchlistCollectionViewCell.swift; sourceTree = "<group>"; };
		911E986F2BDD8E2400943B0E /* EmptyStateView.swift */ = {isa = PBXFileReference; lastKnownFileType = sourcecode.swift; path = EmptyStateView.swift; sourceTree = "<group>"; };
		911EEF3C2BD80D9700C4FD92 /* GlobalData.swift */ = {isa = PBXFileReference; lastKnownFileType = sourcecode.swift; path = GlobalData.swift; sourceTree = "<group>"; };
		911EEF3E2BD80E1A00C4FD92 /* ActiveGainersLosersTarget.swift */ = {isa = PBXFileReference; lastKnownFileType = sourcecode.swift; path = ActiveGainersLosersTarget.swift; sourceTree = "<group>"; };
		911EEF402BD80E8C00C4FD92 /* BaseTargetType.swift */ = {isa = PBXFileReference; lastKnownFileType = sourcecode.swift; path = BaseTargetType.swift; sourceTree = "<group>"; };
		911EEF442BD8109900C4FD92 /* ActiveGainersLosersResponse.swift */ = {isa = PBXFileReference; lastKnownFileType = sourcecode.swift; path = ActiveGainersLosersResponse.swift; sourceTree = "<group>"; };
		911EEF462BD8137100C4FD92 /* TrendingStocks.swift */ = {isa = PBXFileReference; lastKnownFileType = sourcecode.swift; path = TrendingStocks.swift; sourceTree = "<group>"; };
		911EEF482BD8165D00C4FD92 /* HomeViewModel.swift */ = {isa = PBXFileReference; lastKnownFileType = sourcecode.swift; path = HomeViewModel.swift; sourceTree = "<group>"; };
		9128867B2BE17A7200FCF81E /* ChartDataTarget.swift */ = {isa = PBXFileReference; lastKnownFileType = sourcecode.swift; path = ChartDataTarget.swift; sourceTree = "<group>"; };
		9128867D2BE17B0B00FCF81E /* ChartsDataManager.swift */ = {isa = PBXFileReference; lastKnownFileType = sourcecode.swift; path = ChartsDataManager.swift; sourceTree = "<group>"; };
		9128867F2BE17B5600FCF81E /* WeeklyChartsResponse.swift */ = {isa = PBXFileReference; lastKnownFileType = sourcecode.swift; path = WeeklyChartsResponse.swift; sourceTree = "<group>"; };
		912886812BE17BE300FCF81E /* DetailsViewModel.swift */ = {isa = PBXFileReference; lastKnownFileType = sourcecode.swift; path = DetailsViewModel.swift; sourceTree = "<group>"; };
		914067D02BD965CC00EB344D /* TrendingStocksCollectionViewCell.swift */ = {isa = PBXFileReference; lastKnownFileType = sourcecode.swift; path = TrendingStocksCollectionViewCell.swift; sourceTree = "<group>"; };
		914067D22BD967FA00EB344D /* HomeSections.swift */ = {isa = PBXFileReference; lastKnownFileType = sourcecode.swift; path = HomeSections.swift; sourceTree = "<group>"; };
		914067D42BD968C800EB344D /* HomeStocksDataModel.swift */ = {isa = PBXFileReference; lastKnownFileType = sourcecode.swift; path = HomeStocksDataModel.swift; sourceTree = "<group>"; };
		914067D62BD9790600EB344D /* GeneralCollectionViewCell.swift */ = {isa = PBXFileReference; lastKnownFileType = sourcecode.swift; path = GeneralCollectionViewCell.swift; sourceTree = "<group>"; };
		914067D82BD97AD200EB344D /* HeaderView.swift */ = {isa = PBXFileReference; lastKnownFileType = sourcecode.swift; path = HeaderView.swift; sourceTree = "<group>"; };
		914481522BDAE7C600723F21 /* CommoditiesTarget.swift */ = {isa = PBXFileReference; lastKnownFileType = sourcecode.swift; path = CommoditiesTarget.swift; sourceTree = "<group>"; };
		914481552BDAE84D00723F21 /* Commodities.swift */ = {isa = PBXFileReference; lastKnownFileType = sourcecode.swift; path = Commodities.swift; sourceTree = "<group>"; };
		914481572BDAE8E800723F21 /* AvailableCommoditiesResponse.swift */ = {isa = PBXFileReference; lastKnownFileType = sourcecode.swift; path = AvailableCommoditiesResponse.swift; sourceTree = "<group>"; };
		914481592BDAF28A00723F21 /* SingleCommodityResponse.swift */ = {isa = PBXFileReference; lastKnownFileType = sourcecode.swift; path = SingleCommodityResponse.swift; sourceTree = "<group>"; };
		916F40172BE6647300313202 /* CompanyFinancialInformationResponse.swift */ = {isa = PBXFileReference; lastKnownFileType = sourcecode.swift; path = CompanyFinancialInformationResponse.swift; sourceTree = "<group>"; };
		918FAF822BDF74B300D1474A /* EmptyStateCollectionViewCell.swift */ = {isa = PBXFileReference; lastKnownFileType = sourcecode.swift; path = EmptyStateCollectionViewCell.swift; sourceTree = "<group>"; };
		9197DD682BD5699F00D8270C /* StockWave.app */ = {isa = PBXFileReference; explicitFileType = wrapper.application; includeInIndex = 0; path = StockWave.app; sourceTree = BUILT_PRODUCTS_DIR; };
		9197DD6B2BD5699F00D8270C /* AppDelegate.swift */ = {isa = PBXFileReference; lastKnownFileType = sourcecode.swift; path = AppDelegate.swift; sourceTree = "<group>"; };
		9197DD6D2BD5699F00D8270C /* SceneDelegate.swift */ = {isa = PBXFileReference; lastKnownFileType = sourcecode.swift; path = SceneDelegate.swift; sourceTree = "<group>"; };
		9197DD6F2BD5699F00D8270C /* HomeViewController.swift */ = {isa = PBXFileReference; lastKnownFileType = sourcecode.swift; path = HomeViewController.swift; sourceTree = "<group>"; };
		9197DD752BD5699F00D8270C /* StockWave.xcdatamodel */ = {isa = PBXFileReference; lastKnownFileType = wrapper.xcdatamodel; path = StockWave.xcdatamodel; sourceTree = "<group>"; };
		9197DD772BD569A100D8270C /* Assets.xcassets */ = {isa = PBXFileReference; lastKnownFileType = folder.assetcatalog; path = Assets.xcassets; sourceTree = "<group>"; };
		9197DD7A2BD569A100D8270C /* Base */ = {isa = PBXFileReference; lastKnownFileType = file.storyboard; name = Base; path = Base.lproj/LaunchScreen.storyboard; sourceTree = "<group>"; };
		9197DD7C2BD569A100D8270C /* Info.plist */ = {isa = PBXFileReference; lastKnownFileType = text.plist.xml; path = Info.plist; sourceTree = "<group>"; };
		91C57A142BDEC1DC002921EC /* StockDetailsViewController.swift */ = {isa = PBXFileReference; lastKnownFileType = sourcecode.swift; path = StockDetailsViewController.swift; sourceTree = "<group>"; };
		91E2ACDE2BE3F40500B73073 /* String+Index.swift */ = {isa = PBXFileReference; lastKnownFileType = sourcecode.swift; path = "String+Index.swift"; sourceTree = "<group>"; };
/* End PBXFileReference section */

/* Begin PBXFrameworksBuildPhase section */
		9197DD652BD5699F00D8270C /* Frameworks */ = {
			isa = PBXFrameworksBuildPhase;
			buildActionMask = 2147483647;
			files = (
				911EEF2C2BD77E8300C4FD92 /* SnapKit in Frameworks */,
				911EEF292BD77E7000C4FD92 /* DGChartsDynamic in Frameworks */,
				911EEF342BD77FB100C4FD92 /* CombineMoya in Frameworks */,
				911EEF272BD77E6F00C4FD92 /* DGCharts in Frameworks */,
				911EEF2E2BD77E8300C4FD92 /* SnapKit-Dynamic in Frameworks */,
				911EEF382BD77FB100C4FD92 /* ReactiveMoya in Frameworks */,
				911EEF3A2BD77FB100C4FD92 /* RxMoya in Frameworks */,
				911EEF362BD77FB100C4FD92 /* Moya in Frameworks */,
				911EEF312BD77EDC00C4FD92 /* Kingfisher in Frameworks */,
			);
			runOnlyForDeploymentPostprocessing = 0;
		};
/* End PBXFrameworksBuildPhase section */

/* Begin PBXGroup section */
		910424A32BD571FE002922CF /* Modules */ = {
			isa = PBXGroup;
			children = (
				91C57A102BDEC1A3002921EC /* StockDetails */,
				910424AC2BD572B9002922CF /* TabBar */,
				910424A72BD57230002922CF /* Search */,
				910424A62BD57216002922CF /* Favourites */,
				910424A52BD5720B002922CF /* Portfolio */,
				910424A42BD57206002922CF /* Home */,
			);
			path = Modules;
			sourceTree = "<group>";
		};
		910424A42BD57206002922CF /* Home */ = {
			isa = PBXGroup;
			children = (
				910424A92BD57267002922CF /* View */,
				910424AB2BD57272002922CF /* ViewModel */,
				910424AA2BD5726D002922CF /* Model */,
			);
			path = Home;
			sourceTree = "<group>";
		};
		910424A52BD5720B002922CF /* Portfolio */ = {
			isa = PBXGroup;
			children = (
				910424AF2BD5731F002922CF /* PortfolioViewController.swift */,
			);
			path = Portfolio;
			sourceTree = "<group>";
		};
		910424A62BD57216002922CF /* Favourites */ = {
			isa = PBXGroup;
			children = (
				910424B12BD5734A002922CF /* FavouritesViewController.swift */,
			);
			path = Favourites;
			sourceTree = "<group>";
		};
		910424A72BD57230002922CF /* Search */ = {
			isa = PBXGroup;
			children = (
				910424B32BD5735D002922CF /* SearchViewController.swift */,
			);
			path = Search;
			sourceTree = "<group>";
		};
		910424A82BD57242002922CF /* Resources */ = {
			isa = PBXGroup;
			children = (
				9197DD772BD569A100D8270C /* Assets.xcassets */,
				9197DD792BD569A100D8270C /* LaunchScreen.storyboard */,
				9197DD6B2BD5699F00D8270C /* AppDelegate.swift */,
				9197DD6D2BD5699F00D8270C /* SceneDelegate.swift */,
			);
			path = Resources;
			sourceTree = "<group>";
		};
		910424A92BD57267002922CF /* View */ = {
			isa = PBXGroup;
			children = (
				9197DD6F2BD5699F00D8270C /* HomeViewController.swift */,
				914067CF2BD965A900EB344D /* Subviews */,
			);
			path = View;
			sourceTree = "<group>";
		};
		910424AA2BD5726D002922CF /* Model */ = {
			isa = PBXGroup;
			children = (
				914067D22BD967FA00EB344D /* HomeSections.swift */,
				914067D42BD968C800EB344D /* HomeStocksDataModel.swift */,
			);
			path = Model;
			sourceTree = "<group>";
		};
		910424AB2BD57272002922CF /* ViewModel */ = {
			isa = PBXGroup;
			children = (
				911EEF482BD8165D00C4FD92 /* HomeViewModel.swift */,
			);
			path = ViewModel;
			sourceTree = "<group>";
		};
		910424AC2BD572B9002922CF /* TabBar */ = {
			isa = PBXGroup;
			children = (
				910424AD2BD572F2002922CF /* MainTabBarViewController.swift */,
			);
			path = TabBar;
			sourceTree = "<group>";
		};
		911E986E2BDD8E1300943B0E /* Common */ = {
			isa = PBXGroup;
			children = (
				911E986F2BDD8E2400943B0E /* EmptyStateView.swift */,
				91E2ACDE2BE3F40500B73073 /* String+Index.swift */,
			);
			path = Common;
			sourceTree = "<group>";
		};
		911EEF212BD77C8100C4FD92 /* Core */ = {
			isa = PBXGroup;
			children = (
				911EEF422BD80FCD00C4FD92 /* Data */,
				911EEF232BD77C8E00C4FD92 /* NetworkManager */,
				911EEF222BD77C8800C4FD92 /* Target */,
			);
			path = Core;
			sourceTree = "<group>";
		};
		911EEF222BD77C8800C4FD92 /* Target */ = {
			isa = PBXGroup;
			children = (
				911EEF3E2BD80E1A00C4FD92 /* ActiveGainersLosersTarget.swift */,
				911EEF402BD80E8C00C4FD92 /* BaseTargetType.swift */,
				914481522BDAE7C600723F21 /* CommoditiesTarget.swift */,
				9128867B2BE17A7200FCF81E /* ChartDataTarget.swift */,
				910AE9492BE57BE00018DCAE /* CompanyInformationTarget.swift */,
			);
			path = Target;
			sourceTree = "<group>";
		};
		911EEF232BD77C8E00C4FD92 /* NetworkManager */ = {
			isa = PBXGroup;
			children = (
				911EEF462BD8137100C4FD92 /* TrendingStocks.swift */,
				914481552BDAE84D00723F21 /* Commodities.swift */,
				9128867D2BE17B0B00FCF81E /* ChartsDataManager.swift */,
				910AE94B2BE57C6E0018DCAE /* CompanyInformaitonManager.swift */,
			);
			path = NetworkManager;
			sourceTree = "<group>";
		};
		911EEF3B2BD80D7B00C4FD92 /* GlobalData */ = {
			isa = PBXGroup;
			children = (
				911EEF3C2BD80D9700C4FD92 /* GlobalData.swift */,
			);
			path = GlobalData;
			sourceTree = "<group>";
		};
		911EEF422BD80FCD00C4FD92 /* Data */ = {
			isa = PBXGroup;
			children = (
				911EEF432BD80FD400C4FD92 /* Response */,
				911EEF3B2BD80D7B00C4FD92 /* GlobalData */,
			);
			path = Data;
			sourceTree = "<group>";
		};
		911EEF432BD80FD400C4FD92 /* Response */ = {
			isa = PBXGroup;
			children = (
				911EEF442BD8109900C4FD92 /* ActiveGainersLosersResponse.swift */,
				914481572BDAE8E800723F21 /* AvailableCommoditiesResponse.swift */,
				914481592BDAF28A00723F21 /* SingleCommodityResponse.swift */,
				9128867F2BE17B5600FCF81E /* WeeklyChartsResponse.swift */,
				910AE9452BE4C2770018DCAE /* DailyChartsResponse.swift */,
				910AE9472BE57BB40018DCAE /* CompanyInformationResponse.swift */,
				916F40172BE6647300313202 /* CompanyFinancialInformationResponse.swift */,
			);
			path = Response;
			sourceTree = "<group>";
		};
		914067CF2BD965A900EB344D /* Subviews */ = {
			isa = PBXGroup;
			children = (
				914067D02BD965CC00EB344D /* TrendingStocksCollectionViewCell.swift */,
				914067D62BD9790600EB344D /* GeneralCollectionViewCell.swift */,
				914067D82BD97AD200EB344D /* HeaderView.swift */,
				910F86332BDC20E200570D89 /* WatchlistCollectionViewCell.swift */,
				918FAF822BDF74B300D1474A /* EmptyStateCollectionViewCell.swift */,
			);
			path = Subviews;
			sourceTree = "<group>";
		};
		9197DD5F2BD5699F00D8270C = {
			isa = PBXGroup;
			children = (
				9197DD6A2BD5699F00D8270C /* StockWave */,
				9197DD692BD5699F00D8270C /* Products */,
			);
			sourceTree = "<group>";
		};
		9197DD692BD5699F00D8270C /* Products */ = {
			isa = PBXGroup;
			children = (
				9197DD682BD5699F00D8270C /* StockWave.app */,
			);
			name = Products;
			sourceTree = "<group>";
		};
		9197DD6A2BD5699F00D8270C /* StockWave */ = {
			isa = PBXGroup;
			children = (
				911E986E2BDD8E1300943B0E /* Common */,
				911EEF212BD77C8100C4FD92 /* Core */,
				910424A32BD571FE002922CF /* Modules */,
				910424A82BD57242002922CF /* Resources */,
				9197DD7C2BD569A100D8270C /* Info.plist */,
				9197DD742BD5699F00D8270C /* StockWave.xcdatamodeld */,
			);
			path = StockWave;
			sourceTree = "<group>";
		};
		91C57A102BDEC1A3002921EC /* StockDetails */ = {
			isa = PBXGroup;
			children = (
				91C57A112BDEC1AD002921EC /* View */,
				91C57A122BDEC1B2002921EC /* ViewModel */,
				91C57A132BDEC1B9002921EC /* Model */,
			);
			path = StockDetails;
			sourceTree = "<group>";
		};
		91C57A112BDEC1AD002921EC /* View */ = {
			isa = PBXGroup;
			children = (
				91C57A142BDEC1DC002921EC /* StockDetailsViewController.swift */,
			);
			path = View;
			sourceTree = "<group>";
		};
		91C57A122BDEC1B2002921EC /* ViewModel */ = {
			isa = PBXGroup;
			children = (
				912886812BE17BE300FCF81E /* DetailsViewModel.swift */,
			);
			path = ViewModel;
			sourceTree = "<group>";
		};
		91C57A132BDEC1B9002921EC /* Model */ = {
			isa = PBXGroup;
			children = (
			);
			path = Model;
			sourceTree = "<group>";
		};
/* End PBXGroup section */

/* Begin PBXNativeTarget section */
		9197DD672BD5699F00D8270C /* StockWave */ = {
			isa = PBXNativeTarget;
			buildConfigurationList = 9197DD7F2BD569A100D8270C /* Build configuration list for PBXNativeTarget "StockWave" */;
			buildPhases = (
				9197DD642BD5699F00D8270C /* Sources */,
				9197DD652BD5699F00D8270C /* Frameworks */,
				9197DD662BD5699F00D8270C /* Resources */,
			);
			buildRules = (
			);
			dependencies = (
			);
			name = StockWave;
			packageProductDependencies = (
				911EEF262BD77E6F00C4FD92 /* DGCharts */,
				911EEF282BD77E6F00C4FD92 /* DGChartsDynamic */,
				911EEF2B2BD77E8300C4FD92 /* SnapKit */,
				911EEF2D2BD77E8300C4FD92 /* SnapKit-Dynamic */,
				911EEF302BD77EDC00C4FD92 /* Kingfisher */,
				911EEF332BD77FB100C4FD92 /* CombineMoya */,
				911EEF352BD77FB100C4FD92 /* Moya */,
				911EEF372BD77FB100C4FD92 /* ReactiveMoya */,
				911EEF392BD77FB100C4FD92 /* RxMoya */,
			);
			productName = StockWave;
			productReference = 9197DD682BD5699F00D8270C /* StockWave.app */;
			productType = "com.apple.product-type.application";
		};
/* End PBXNativeTarget section */

/* Begin PBXProject section */
		9197DD602BD5699F00D8270C /* Project object */ = {
			isa = PBXProject;
			attributes = {
				BuildIndependentTargetsInParallel = 1;
				LastSwiftUpdateCheck = 1500;
				LastUpgradeCheck = 1500;
				TargetAttributes = {
					9197DD672BD5699F00D8270C = {
						CreatedOnToolsVersion = 15.0.1;
					};
				};
			};
			buildConfigurationList = 9197DD632BD5699F00D8270C /* Build configuration list for PBXProject "StockWave" */;
			compatibilityVersion = "Xcode 14.0";
			developmentRegion = en;
			hasScannedForEncodings = 0;
			knownRegions = (
				en,
				Base,
			);
			mainGroup = 9197DD5F2BD5699F00D8270C;
			packageReferences = (
				911EEF252BD77E6F00C4FD92 /* XCRemoteSwiftPackageReference "Charts" */,
				911EEF2A2BD77E8300C4FD92 /* XCRemoteSwiftPackageReference "SnapKit" */,
				911EEF2F2BD77EDC00C4FD92 /* XCRemoteSwiftPackageReference "Kingfisher" */,
				911EEF322BD77FB100C4FD92 /* XCRemoteSwiftPackageReference "Moya" */,
			);
			productRefGroup = 9197DD692BD5699F00D8270C /* Products */;
			projectDirPath = "";
			projectRoot = "";
			targets = (
				9197DD672BD5699F00D8270C /* StockWave */,
			);
		};
/* End PBXProject section */

/* Begin PBXResourcesBuildPhase section */
		9197DD662BD5699F00D8270C /* Resources */ = {
			isa = PBXResourcesBuildPhase;
			buildActionMask = 2147483647;
			files = (
				9197DD7B2BD569A100D8270C /* LaunchScreen.storyboard in Resources */,
				9197DD782BD569A100D8270C /* Assets.xcassets in Resources */,
			);
			runOnlyForDeploymentPostprocessing = 0;
		};
/* End PBXResourcesBuildPhase section */

/* Begin PBXSourcesBuildPhase section */
		9197DD642BD5699F00D8270C /* Sources */ = {
			isa = PBXSourcesBuildPhase;
			buildActionMask = 2147483647;
			files = (
				914481582BDAE8E800723F21 /* AvailableCommoditiesResponse.swift in Sources */,
				911EEF452BD8109900C4FD92 /* ActiveGainersLosersResponse.swift in Sources */,
				914067D72BD9790600EB344D /* GeneralCollectionViewCell.swift in Sources */,
				914481532BDAE7C600723F21 /* CommoditiesTarget.swift in Sources */,
				911EEF472BD8137100C4FD92 /* TrendingStocks.swift in Sources */,
				914481562BDAE84D00723F21 /* Commodities.swift in Sources */,
				910424AE2BD572F2002922CF /* MainTabBarViewController.swift in Sources */,
				910424B02BD5731F002922CF /* PortfolioViewController.swift in Sources */,
				9128867E2BE17B0B00FCF81E /* ChartsDataManager.swift in Sources */,
				910424B42BD5735D002922CF /* SearchViewController.swift in Sources */,
				914067D92BD97AD200EB344D /* HeaderView.swift in Sources */,
				918FAF832BDF74B300D1474A /* EmptyStateCollectionViewCell.swift in Sources */,
				914067D12BD965CC00EB344D /* TrendingStocksCollectionViewCell.swift in Sources */,
				910AE9462BE4C2770018DCAE /* DailyChartsResponse.swift in Sources */,
				910AE94C2BE57C6E0018DCAE /* CompanyInformaitonManager.swift in Sources */,
				9197DD702BD5699F00D8270C /* HomeViewController.swift in Sources */,
				911E98702BDD8E2400943B0E /* EmptyStateView.swift in Sources */,
				911EEF412BD80E8C00C4FD92 /* BaseTargetType.swift in Sources */,
				9128867C2BE17A7200FCF81E /* ChartDataTarget.swift in Sources */,
				911EEF3F2BD80E1A00C4FD92 /* ActiveGainersLosersTarget.swift in Sources */,
				91E2ACDF2BE3F40500B73073 /* String+Index.swift in Sources */,
				912886802BE17B5600FCF81E /* WeeklyChartsResponse.swift in Sources */,
				9197DD762BD5699F00D8270C /* StockWave.xcdatamodeld in Sources */,
				91C57A152BDEC1DC002921EC /* StockDetailsViewController.swift in Sources */,
				911EEF492BD8165D00C4FD92 /* HomeViewModel.swift in Sources */,
				9197DD6C2BD5699F00D8270C /* AppDelegate.swift in Sources */,
				911EEF3D2BD80D9700C4FD92 /* GlobalData.swift in Sources */,
				910F86342BDC20E200570D89 /* WatchlistCollectionViewCell.swift in Sources */,
				914067D52BD968C800EB344D /* HomeStocksDataModel.swift in Sources */,
				910AE94A2BE57BE00018DCAE /* CompanyInformationTarget.swift in Sources */,
				910AE9482BE57BB40018DCAE /* CompanyInformationResponse.swift in Sources */,
				910424B22BD5734A002922CF /* FavouritesViewController.swift in Sources */,
				914067D32BD967FA00EB344D /* HomeSections.swift in Sources */,
				916F40182BE6647300313202 /* CompanyFinancialInformationResponse.swift in Sources */,
				912886822BE17BE300FCF81E /* DetailsViewModel.swift in Sources */,
				9144815A2BDAF28A00723F21 /* SingleCommodityResponse.swift in Sources */,
				9197DD6E2BD5699F00D8270C /* SceneDelegate.swift in Sources */,
			);
			runOnlyForDeploymentPostprocessing = 0;
		};
/* End PBXSourcesBuildPhase section */

/* Begin PBXVariantGroup section */
		9197DD792BD569A100D8270C /* LaunchScreen.storyboard */ = {
			isa = PBXVariantGroup;
			children = (
				9197DD7A2BD569A100D8270C /* Base */,
			);
			name = LaunchScreen.storyboard;
			sourceTree = "<group>";
		};
/* End PBXVariantGroup section */

/* Begin XCBuildConfiguration section */
		9197DD7D2BD569A100D8270C /* Debug */ = {
			isa = XCBuildConfiguration;
			buildSettings = {
				ALWAYS_SEARCH_USER_PATHS = NO;
				ASSETCATALOG_COMPILER_GENERATE_SWIFT_ASSET_SYMBOL_EXTENSIONS = YES;
				CLANG_ANALYZER_NONNULL = YES;
				CLANG_ANALYZER_NUMBER_OBJECT_CONVERSION = YES_AGGRESSIVE;
				CLANG_CXX_LANGUAGE_STANDARD = "gnu++20";
				CLANG_ENABLE_MODULES = YES;
				CLANG_ENABLE_OBJC_ARC = YES;
				CLANG_ENABLE_OBJC_WEAK = YES;
				CLANG_WARN_BLOCK_CAPTURE_AUTORELEASING = YES;
				CLANG_WARN_BOOL_CONVERSION = YES;
				CLANG_WARN_COMMA = YES;
				CLANG_WARN_CONSTANT_CONVERSION = YES;
				CLANG_WARN_DEPRECATED_OBJC_IMPLEMENTATIONS = YES;
				CLANG_WARN_DIRECT_OBJC_ISA_USAGE = YES_ERROR;
				CLANG_WARN_DOCUMENTATION_COMMENTS = YES;
				CLANG_WARN_EMPTY_BODY = YES;
				CLANG_WARN_ENUM_CONVERSION = YES;
				CLANG_WARN_INFINITE_RECURSION = YES;
				CLANG_WARN_INT_CONVERSION = YES;
				CLANG_WARN_NON_LITERAL_NULL_CONVERSION = YES;
				CLANG_WARN_OBJC_IMPLICIT_RETAIN_SELF = YES;
				CLANG_WARN_OBJC_LITERAL_CONVERSION = YES;
				CLANG_WARN_OBJC_ROOT_CLASS = YES_ERROR;
				CLANG_WARN_QUOTED_INCLUDE_IN_FRAMEWORK_HEADER = YES;
				CLANG_WARN_RANGE_LOOP_ANALYSIS = YES;
				CLANG_WARN_STRICT_PROTOTYPES = YES;
				CLANG_WARN_SUSPICIOUS_MOVE = YES;
				CLANG_WARN_UNGUARDED_AVAILABILITY = YES_AGGRESSIVE;
				CLANG_WARN_UNREACHABLE_CODE = YES;
				CLANG_WARN__DUPLICATE_METHOD_MATCH = YES;
				COPY_PHASE_STRIP = NO;
				DEBUG_INFORMATION_FORMAT = dwarf;
				ENABLE_STRICT_OBJC_MSGSEND = YES;
				ENABLE_TESTABILITY = YES;
				ENABLE_USER_SCRIPT_SANDBOXING = YES;
				GCC_C_LANGUAGE_STANDARD = gnu17;
				GCC_DYNAMIC_NO_PIC = NO;
				GCC_NO_COMMON_BLOCKS = YES;
				GCC_OPTIMIZATION_LEVEL = 0;
				GCC_PREPROCESSOR_DEFINITIONS = (
					"DEBUG=1",
					"$(inherited)",
				);
				GCC_WARN_64_TO_32_BIT_CONVERSION = YES;
				GCC_WARN_ABOUT_RETURN_TYPE = YES_ERROR;
				GCC_WARN_UNDECLARED_SELECTOR = YES;
				GCC_WARN_UNINITIALIZED_AUTOS = YES_AGGRESSIVE;
				GCC_WARN_UNUSED_FUNCTION = YES;
				GCC_WARN_UNUSED_VARIABLE = YES;
				IPHONEOS_DEPLOYMENT_TARGET = 17.0;
				LOCALIZATION_PREFERS_STRING_CATALOGS = YES;
				MTL_ENABLE_DEBUG_INFO = INCLUDE_SOURCE;
				MTL_FAST_MATH = YES;
				ONLY_ACTIVE_ARCH = YES;
				SDKROOT = iphoneos;
				SWIFT_ACTIVE_COMPILATION_CONDITIONS = "DEBUG $(inherited)";
				SWIFT_OPTIMIZATION_LEVEL = "-Onone";
			};
			name = Debug;
		};
		9197DD7E2BD569A100D8270C /* Release */ = {
			isa = XCBuildConfiguration;
			buildSettings = {
				ALWAYS_SEARCH_USER_PATHS = NO;
				ASSETCATALOG_COMPILER_GENERATE_SWIFT_ASSET_SYMBOL_EXTENSIONS = YES;
				CLANG_ANALYZER_NONNULL = YES;
				CLANG_ANALYZER_NUMBER_OBJECT_CONVERSION = YES_AGGRESSIVE;
				CLANG_CXX_LANGUAGE_STANDARD = "gnu++20";
				CLANG_ENABLE_MODULES = YES;
				CLANG_ENABLE_OBJC_ARC = YES;
				CLANG_ENABLE_OBJC_WEAK = YES;
				CLANG_WARN_BLOCK_CAPTURE_AUTORELEASING = YES;
				CLANG_WARN_BOOL_CONVERSION = YES;
				CLANG_WARN_COMMA = YES;
				CLANG_WARN_CONSTANT_CONVERSION = YES;
				CLANG_WARN_DEPRECATED_OBJC_IMPLEMENTATIONS = YES;
				CLANG_WARN_DIRECT_OBJC_ISA_USAGE = YES_ERROR;
				CLANG_WARN_DOCUMENTATION_COMMENTS = YES;
				CLANG_WARN_EMPTY_BODY = YES;
				CLANG_WARN_ENUM_CONVERSION = YES;
				CLANG_WARN_INFINITE_RECURSION = YES;
				CLANG_WARN_INT_CONVERSION = YES;
				CLANG_WARN_NON_LITERAL_NULL_CONVERSION = YES;
				CLANG_WARN_OBJC_IMPLICIT_RETAIN_SELF = YES;
				CLANG_WARN_OBJC_LITERAL_CONVERSION = YES;
				CLANG_WARN_OBJC_ROOT_CLASS = YES_ERROR;
				CLANG_WARN_QUOTED_INCLUDE_IN_FRAMEWORK_HEADER = YES;
				CLANG_WARN_RANGE_LOOP_ANALYSIS = YES;
				CLANG_WARN_STRICT_PROTOTYPES = YES;
				CLANG_WARN_SUSPICIOUS_MOVE = YES;
				CLANG_WARN_UNGUARDED_AVAILABILITY = YES_AGGRESSIVE;
				CLANG_WARN_UNREACHABLE_CODE = YES;
				CLANG_WARN__DUPLICATE_METHOD_MATCH = YES;
				COPY_PHASE_STRIP = NO;
				DEBUG_INFORMATION_FORMAT = "dwarf-with-dsym";
				ENABLE_NS_ASSERTIONS = NO;
				ENABLE_STRICT_OBJC_MSGSEND = YES;
				ENABLE_USER_SCRIPT_SANDBOXING = YES;
				GCC_C_LANGUAGE_STANDARD = gnu17;
				GCC_NO_COMMON_BLOCKS = YES;
				GCC_WARN_64_TO_32_BIT_CONVERSION = YES;
				GCC_WARN_ABOUT_RETURN_TYPE = YES_ERROR;
				GCC_WARN_UNDECLARED_SELECTOR = YES;
				GCC_WARN_UNINITIALIZED_AUTOS = YES_AGGRESSIVE;
				GCC_WARN_UNUSED_FUNCTION = YES;
				GCC_WARN_UNUSED_VARIABLE = YES;
				IPHONEOS_DEPLOYMENT_TARGET = 17.0;
				LOCALIZATION_PREFERS_STRING_CATALOGS = YES;
				MTL_ENABLE_DEBUG_INFO = NO;
				MTL_FAST_MATH = YES;
				SDKROOT = iphoneos;
				SWIFT_COMPILATION_MODE = wholemodule;
				VALIDATE_PRODUCT = YES;
			};
			name = Release;
		};
		9197DD802BD569A100D8270C /* Debug */ = {
			isa = XCBuildConfiguration;
			buildSettings = {
				ASSETCATALOG_COMPILER_APPICON_NAME = AppIcon;
				ASSETCATALOG_COMPILER_GLOBAL_ACCENT_COLOR_NAME = AccentColor;
				CODE_SIGN_STYLE = Automatic;
				CURRENT_PROJECT_VERSION = 1;
				DEVELOPMENT_TEAM = T4SAQ599JR;
				GENERATE_INFOPLIST_FILE = YES;
				INFOPLIST_FILE = StockWave/Info.plist;
				INFOPLIST_KEY_UIApplicationSupportsIndirectInputEvents = YES;
				INFOPLIST_KEY_UILaunchStoryboardName = LaunchScreen;
				INFOPLIST_KEY_UISupportedInterfaceOrientations_iPad = "UIInterfaceOrientationPortrait UIInterfaceOrientationPortraitUpsideDown UIInterfaceOrientationLandscapeLeft UIInterfaceOrientationLandscapeRight";
				INFOPLIST_KEY_UISupportedInterfaceOrientations_iPhone = "UIInterfaceOrientationPortrait UIInterfaceOrientationLandscapeLeft UIInterfaceOrientationLandscapeRight";
				LD_RUNPATH_SEARCH_PATHS = (
					"$(inherited)",
					"@executable_path/Frameworks",
				);
				MARKETING_VERSION = 1.0;
				PRODUCT_BUNDLE_IDENTIFIER = labs.clarity.StockWave;
				PRODUCT_NAME = "$(TARGET_NAME)";
				SWIFT_EMIT_LOC_STRINGS = YES;
				SWIFT_VERSION = 5.0;
				TARGETED_DEVICE_FAMILY = "1,2";
			};
			name = Debug;
		};
		9197DD812BD569A100D8270C /* Release */ = {
			isa = XCBuildConfiguration;
			buildSettings = {
				ASSETCATALOG_COMPILER_APPICON_NAME = AppIcon;
				ASSETCATALOG_COMPILER_GLOBAL_ACCENT_COLOR_NAME = AccentColor;
				CODE_SIGN_STYLE = Automatic;
				CURRENT_PROJECT_VERSION = 1;
				DEVELOPMENT_TEAM = T4SAQ599JR;
				GENERATE_INFOPLIST_FILE = YES;
				INFOPLIST_FILE = StockWave/Info.plist;
				INFOPLIST_KEY_UIApplicationSupportsIndirectInputEvents = YES;
				INFOPLIST_KEY_UILaunchStoryboardName = LaunchScreen;
				INFOPLIST_KEY_UISupportedInterfaceOrientations_iPad = "UIInterfaceOrientationPortrait UIInterfaceOrientationPortraitUpsideDown UIInterfaceOrientationLandscapeLeft UIInterfaceOrientationLandscapeRight";
				INFOPLIST_KEY_UISupportedInterfaceOrientations_iPhone = "UIInterfaceOrientationPortrait UIInterfaceOrientationLandscapeLeft UIInterfaceOrientationLandscapeRight";
				LD_RUNPATH_SEARCH_PATHS = (
					"$(inherited)",
					"@executable_path/Frameworks",
				);
				MARKETING_VERSION = 1.0;
				PRODUCT_BUNDLE_IDENTIFIER = labs.clarity.StockWave;
				PRODUCT_NAME = "$(TARGET_NAME)";
				SWIFT_EMIT_LOC_STRINGS = YES;
				SWIFT_VERSION = 5.0;
				TARGETED_DEVICE_FAMILY = "1,2";
			};
			name = Release;
		};
/* End XCBuildConfiguration section */

/* Begin XCConfigurationList section */
		9197DD632BD5699F00D8270C /* Build configuration list for PBXProject "StockWave" */ = {
			isa = XCConfigurationList;
			buildConfigurations = (
				9197DD7D2BD569A100D8270C /* Debug */,
				9197DD7E2BD569A100D8270C /* Release */,
			);
			defaultConfigurationIsVisible = 0;
			defaultConfigurationName = Release;
		};
		9197DD7F2BD569A100D8270C /* Build configuration list for PBXNativeTarget "StockWave" */ = {
			isa = XCConfigurationList;
			buildConfigurations = (
				9197DD802BD569A100D8270C /* Debug */,
				9197DD812BD569A100D8270C /* Release */,
			);
			defaultConfigurationIsVisible = 0;
			defaultConfigurationName = Release;
		};
/* End XCConfigurationList section */

/* Begin XCRemoteSwiftPackageReference section */
		911EEF252BD77E6F00C4FD92 /* XCRemoteSwiftPackageReference "Charts" */ = {
			isa = XCRemoteSwiftPackageReference;
			repositoryURL = "https://github.com/danielgindi/Charts.git";
			requirement = {
				kind = upToNextMajorVersion;
				minimumVersion = 5.1.0;
			};
		};
		911EEF2A2BD77E8300C4FD92 /* XCRemoteSwiftPackageReference "SnapKit" */ = {
			isa = XCRemoteSwiftPackageReference;
			repositoryURL = "https://github.com/SnapKit/SnapKit.git";
			requirement = {
				kind = upToNextMajorVersion;
				minimumVersion = 5.7.1;
			};
		};
		911EEF2F2BD77EDC00C4FD92 /* XCRemoteSwiftPackageReference "Kingfisher" */ = {
			isa = XCRemoteSwiftPackageReference;
			repositoryURL = "https://github.com/onevcat/Kingfisher.git";
			requirement = {
				kind = upToNextMajorVersion;
				minimumVersion = 7.11.0;
			};
		};
		911EEF322BD77FB100C4FD92 /* XCRemoteSwiftPackageReference "Moya" */ = {
			isa = XCRemoteSwiftPackageReference;
			repositoryURL = "https://github.com/Moya/Moya.git";
			requirement = {
				kind = upToNextMajorVersion;
				minimumVersion = 15.0.3;
			};
		};
/* End XCRemoteSwiftPackageReference section */

/* Begin XCSwiftPackageProductDependency section */
		911EEF262BD77E6F00C4FD92 /* DGCharts */ = {
			isa = XCSwiftPackageProductDependency;
			package = 911EEF252BD77E6F00C4FD92 /* XCRemoteSwiftPackageReference "Charts" */;
			productName = DGCharts;
		};
		911EEF282BD77E6F00C4FD92 /* DGChartsDynamic */ = {
			isa = XCSwiftPackageProductDependency;
			package = 911EEF252BD77E6F00C4FD92 /* XCRemoteSwiftPackageReference "Charts" */;
			productName = DGChartsDynamic;
		};
		911EEF2B2BD77E8300C4FD92 /* SnapKit */ = {
			isa = XCSwiftPackageProductDependency;
			package = 911EEF2A2BD77E8300C4FD92 /* XCRemoteSwiftPackageReference "SnapKit" */;
			productName = SnapKit;
		};
		911EEF2D2BD77E8300C4FD92 /* SnapKit-Dynamic */ = {
			isa = XCSwiftPackageProductDependency;
			package = 911EEF2A2BD77E8300C4FD92 /* XCRemoteSwiftPackageReference "SnapKit" */;
			productName = "SnapKit-Dynamic";
		};
		911EEF302BD77EDC00C4FD92 /* Kingfisher */ = {
			isa = XCSwiftPackageProductDependency;
			package = 911EEF2F2BD77EDC00C4FD92 /* XCRemoteSwiftPackageReference "Kingfisher" */;
			productName = Kingfisher;
		};
		911EEF332BD77FB100C4FD92 /* CombineMoya */ = {
			isa = XCSwiftPackageProductDependency;
			package = 911EEF322BD77FB100C4FD92 /* XCRemoteSwiftPackageReference "Moya" */;
			productName = CombineMoya;
		};
		911EEF352BD77FB100C4FD92 /* Moya */ = {
			isa = XCSwiftPackageProductDependency;
			package = 911EEF322BD77FB100C4FD92 /* XCRemoteSwiftPackageReference "Moya" */;
			productName = Moya;
		};
		911EEF372BD77FB100C4FD92 /* ReactiveMoya */ = {
			isa = XCSwiftPackageProductDependency;
			package = 911EEF322BD77FB100C4FD92 /* XCRemoteSwiftPackageReference "Moya" */;
			productName = ReactiveMoya;
		};
		911EEF392BD77FB100C4FD92 /* RxMoya */ = {
			isa = XCSwiftPackageProductDependency;
			package = 911EEF322BD77FB100C4FD92 /* XCRemoteSwiftPackageReference "Moya" */;
			productName = RxMoya;
		};
/* End XCSwiftPackageProductDependency section */

/* Begin XCVersionGroup section */
		9197DD742BD5699F00D8270C /* StockWave.xcdatamodeld */ = {
			isa = XCVersionGroup;
			children = (
				9197DD752BD5699F00D8270C /* StockWave.xcdatamodel */,
			);
			currentVersion = 9197DD752BD5699F00D8270C /* StockWave.xcdatamodel */;
			path = StockWave.xcdatamodeld;
			sourceTree = "<group>";
			versionGroupType = wrapper.xcdatamodel;
		};
/* End XCVersionGroup section */
	};
	rootObject = 9197DD602BD5699F00D8270C /* Project object */;
}
